
Microsoft Visual Studio Solution File, Format Version 12.00
# Visual Studio Version 16
VisualStudioVersion = 16.0.28803.352
MinimumVisualStudioVersion = 10.0.40219.1
Project("{F184B08F-C81C-45F6-A57F-5ABD9991F28F}") = "Currency Converter", "Currency Converter\Currency Converter.vbproj", "{8CA1F3DC-304E-4904-9608-C4253AB9F51F}"
EndProject
Global
	GlobalSection(SolutionConfigurationPlatforms) = preSolution
		Debug|Any CPU = Debug|Any CPU
		Release|Any CPU = Release|Any CPU
	EndGlobalSection
	GlobalSection(ProjectConfigurationPlatforms) = postSolution
		{8CA1F3DC-304E-4904-9608-C4253AB9F51F}.Debug|Any CPU.ActiveCfg = Debug|Any CPU
		{8CA1F3DC-304E-4904-9608-C4253AB9F51F}.Debug|Any CPU.Build.0 = Debug|Any CPU
		{8CA1F3DC-304E-4904-9608-C4253AB9F51F}.Release|Any CPU.ActiveCfg = Release|Any CPU
		{8CA1F3DC-304E-4904-9608-C4253AB9F51F}.Release|Any CPU.Build.0 = Release|Any CPU
	EndGlobalSection
	GlobalSection(SolutionProperties) = preSolution
		HideSolutionNode = FALSE
	EndGlobalSection
	GlobalSection(ExtensibilityGlobals) = postSolution
		SolutionGuid = {3BC94226-59E8-45EF-A9EA-69B1B2DD6ED3}
	EndGlobalSection
EndGlobal
